
Microsoft Visual Studio Solution File, Format Version 12.00
# Visual Studio Version 16
VisualStudioVersion = 16.0.31321.278
MinimumVisualStudioVersion = 10.0.40219.1
Project("{FAE04EC0-301F-11D3-BF4B-00C04F79EFBC}") = "DevelopersBlog.Shared", "DevelopersBlog.Shared\DevelopersBlog.Shared.csproj", "{934EF927-E379-4D26-B122-BBA3F2BA0496}"
EndProject
Project("{FAE04EC0-301F-11D3-BF4B-00C04F79EFBC}") = "DevelopersBlog.Entities", "DevelopersBlog.Entities\DevelopersBlog.Entities.csproj", "{76868247-CD75-44B9-B421-AD0AA78BCD34}"
EndProject
Project("{FAE04EC0-301F-11D3-BF4B-00C04F79EFBC}") = "DevelopersBlog.Data", "DevelopersBlog.Data\DevelopersBlog.Data.csproj", "{95B958D4-B2C3-46A7-B4E8-29EE36150375}"
EndProject
Project("{FAE04EC0-301F-11D3-BF4B-00C04F79EFBC}") = "DevelopersBlog.Services", "DevelopersBlog.Services\DevelopersBlog.Services.csproj", "{2467759A-04CF-4D3F-98CF-91AAC97963C1}"
EndProject
Project("{FAE04EC0-301F-11D3-BF4B-00C04F79EFBC}") = "DevelopersBlog.Mvc", "DevelopersBlog.Mvc\DevelopersBlog.Mvc.csproj", "{3D1A94ED-6876-4309-A445-4DCF46F79CE7}"
EndProject
Global
	GlobalSection(SolutionConfigurationPlatforms) = preSolution
		Debug|Any CPU = Debug|Any CPU
		Release|Any CPU = Release|Any CPU
	EndGlobalSection
	GlobalSection(ProjectConfigurationPlatforms) = postSolution
		{934EF927-E379-4D26-B122-BBA3F2BA0496}.Debug|Any CPU.ActiveCfg = Debug|Any CPU
		{934EF927-E379-4D26-B122-BBA3F2BA0496}.Debug|Any CPU.Build.0 = Debug|Any CPU
		{934EF927-E379-4D26-B122-BBA3F2BA0496}.Release|Any CPU.ActiveCfg = Release|Any CPU
		{934EF927-E379-4D26-B122-BBA3F2BA0496}.Release|Any CPU.Build.0 = Release|Any CPU
		{76868247-CD75-44B9-B421-AD0AA78BCD34}.Debug|Any CPU.ActiveCfg = Debug|Any CPU
		{76868247-CD75-44B9-B421-AD0AA78BCD34}.Debug|Any CPU.Build.0 = Debug|Any CPU
		{76868247-CD75-44B9-B421-AD0AA78BCD34}.Release|Any CPU.ActiveCfg = Release|Any CPU
		{76868247-CD75-44B9-B421-AD0AA78BCD34}.Release|Any CPU.Build.0 = Release|Any CPU
		{95B958D4-B2C3-46A7-B4E8-29EE36150375}.Debug|Any CPU.ActiveCfg = Debug|Any CPU
		{95B958D4-B2C3-46A7-B4E8-29EE36150375}.Debug|Any CPU.Build.0 = Debug|Any CPU
		{95B958D4-B2C3-46A7-B4E8-29EE36150375}.Release|Any CPU.ActiveCfg = Release|Any CPU
		{95B958D4-B2C3-46A7-B4E8-29EE36150375}.Release|Any CPU.Build.0 = Release|Any CPU
		{2467759A-04CF-4D3F-98CF-91AAC97963C1}.Debug|Any CPU.ActiveCfg = Debug|Any CPU
		{2467759A-04CF-4D3F-98CF-91AAC97963C1}.Debug|Any CPU.Build.0 = Debug|Any CPU
		{2467759A-04CF-4D3F-98CF-91AAC97963C1}.Release|Any CPU.ActiveCfg = Release|Any CPU
		{2467759A-04CF-4D3F-98CF-91AAC97963C1}.Release|Any CPU.Build.0 = Release|Any CPU
		{3D1A94ED-6876-4309-A445-4DCF46F79CE7}.Debug|Any CPU.ActiveCfg = Debug|Any CPU
		{3D1A94ED-6876-4309-A445-4DCF46F79CE7}.Debug|Any CPU.Build.0 = Debug|Any CPU
		{3D1A94ED-6876-4309-A445-4DCF46F79CE7}.Release|Any CPU.ActiveCfg = Release|Any CPU
		{3D1A94ED-6876-4309-A445-4DCF46F79CE7}.Release|Any CPU.Build.0 = Release|Any CPU
	EndGlobalSection
	GlobalSection(SolutionProperties) = preSolution
		HideSolutionNode = FALSE
	EndGlobalSection
	GlobalSection(ExtensibilityGlobals) = postSolution
		SolutionGuid = {210BFD01-6655-41BC-BB52-BF2BAFD87DA2}
	EndGlobalSection
EndGlobal
